
Microsoft Visual Studio Solution File, Format Version 12.00
# Visual Studio 2013
VisualStudioVersion = 12.0.30501.0
MinimumVisualStudioVersion = 10.0.40219.1
Project("{F184B08F-C81C-45F6-A57F-5ABD9991F28F}") = "K12-Manager", "K12-Manager\K12-Manager.vbproj", "{A3F0FF63-DF43-4690-AB1F-ADAFED0DB218}"
EndProject
Project("{6141683F-8A12-4E36-9623-2EB02B2C2303}") = "Setup1", "Setup1\Setup1.isproj", "{E0298C84-AFBF-4897-B675-136410A98C54}"
EndProject
Project("{F184B08F-C81C-45F6-A57F-5ABD9991F28F}") = "Autenticazione", "Autenticazione\Autenticazione.vbproj", "{1A2F0D1F-E95B-48B3-9D73-4B1F0CA08F08}"
EndProject
Project("{F184B08F-C81C-45F6-A57F-5ABD9991F28F}") = "Didattica", "Didattica\Didattica.vbproj", "{D9713631-3FE6-4114-8997-2F7E8808284C}"
EndProject
Project("{F184B08F-C81C-45F6-A57F-5ABD9991F28F}") = "Chat", "Chat\Chat.vbproj", "{5CC88D85-C08F-4C1A-9B5C-76194D0FD9FB}"
EndProject
Global
	GlobalSection(SolutionConfigurationPlatforms) = preSolution
		CD_ROM|Any CPU = CD_ROM|Any CPU
		CD_ROM|Mixed Platforms = CD_ROM|Mixed Platforms
		CD_ROM|x86 = CD_ROM|x86
		Debug|Any CPU = Debug|Any CPU
		Debug|Mixed Platforms = Debug|Mixed Platforms
		Debug|x86 = Debug|x86
		DVD-5|Any CPU = DVD-5|Any CPU
		DVD-5|Mixed Platforms = DVD-5|Mixed Platforms
		DVD-5|x86 = DVD-5|x86
		Release|Any CPU = Release|Any CPU
		Release|Mixed Platforms = Release|Mixed Platforms
		Release|x86 = Release|x86
		SingleImage|Any CPU = SingleImage|Any CPU
		SingleImage|Mixed Platforms = SingleImage|Mixed Platforms
		SingleImage|x86 = SingleImage|x86
	EndGlobalSection
	GlobalSection(ProjectConfigurationPlatforms) = postSolution
		{A3F0FF63-DF43-4690-AB1F-ADAFED0DB218}.CD_ROM|Any CPU.ActiveCfg = Release|x86
		{A3F0FF63-DF43-4690-AB1F-ADAFED0DB218}.CD_ROM|Mixed Platforms.ActiveCfg = Release|x86
		{A3F0FF63-DF43-4690-AB1F-ADAFED0DB218}.CD_ROM|Mixed Platforms.Build.0 = Release|x86
		{A3F0FF63-DF43-4690-AB1F-ADAFED0DB218}.CD_ROM|x86.ActiveCfg = Release|x86
		{A3F0FF63-DF43-4690-AB1F-ADAFED0DB218}.CD_ROM|x86.Build.0 = Release|x86
		{A3F0FF63-DF43-4690-AB1F-ADAFED0DB218}.Debug|Any CPU.ActiveCfg = Debug|x86
		{A3F0FF63-DF43-4690-AB1F-ADAFED0DB218}.Debug|Mixed Platforms.ActiveCfg = Debug|x86
		{A3F0FF63-DF43-4690-AB1F-ADAFED0DB218}.Debug|Mixed Platforms.Build.0 = Debug|x86
		{A3F0FF63-DF43-4690-AB1F-ADAFED0DB218}.Debug|x86.ActiveCfg = Debug|x86
		{A3F0FF63-DF43-4690-AB1F-ADAFED0DB218}.Debug|x86.Build.0 = Debug|x86
		{A3F0FF63-DF43-4690-AB1F-ADAFED0DB218}.DVD-5|Any CPU.ActiveCfg = Debug|x86
		{A3F0FF63-DF43-4690-AB1F-ADAFED0DB218}.DVD-5|Mixed Platforms.ActiveCfg = Debug|x86
		{A3F0FF63-DF43-4690-AB1F-ADAFED0DB218}.DVD-5|Mixed Platforms.Build.0 = Debug|x86
		{A3F0FF63-DF43-4690-AB1F-ADAFED0DB218}.DVD-5|x86.ActiveCfg = Debug|x86
		{A3F0FF63-DF43-4690-AB1F-ADAFED0DB218}.DVD-5|x86.Build.0 = Debug|x86
		{A3F0FF63-DF43-4690-AB1F-ADAFED0DB218}.Release|Any CPU.ActiveCfg = Release|x86
		{A3F0FF63-DF43-4690-AB1F-ADAFED0DB218}.Release|Mixed Platforms.ActiveCfg = Release|x86
		{A3F0FF63-DF43-4690-AB1F-ADAFED0DB218}.Release|Mixed Platforms.Build.0 = Release|x86
		{A3F0FF63-DF43-4690-AB1F-ADAFED0DB218}.Release|x86.ActiveCfg = Release|x86
		{A3F0FF63-DF43-4690-AB1F-ADAFED0DB218}.Release|x86.Build.0 = Release|x86
		{A3F0FF63-DF43-4690-AB1F-ADAFED0DB218}.SingleImage|Any CPU.ActiveCfg = Release|x86
		{A3F0FF63-DF43-4690-AB1F-ADAFED0DB218}.SingleImage|Mixed Platforms.ActiveCfg = Release|x86
		{A3F0FF63-DF43-4690-AB1F-ADAFED0DB218}.SingleImage|Mixed Platforms.Build.0 = Release|x86
		{A3F0FF63-DF43-4690-AB1F-ADAFED0DB218}.SingleImage|x86.ActiveCfg = Release|x86
		{A3F0FF63-DF43-4690-AB1F-ADAFED0DB218}.SingleImage|x86.Build.0 = Release|x86
		{E0298C84-AFBF-4897-B675-136410A98C54}.CD_ROM|Any CPU.ActiveCfg = CD_ROM
		{E0298C84-AFBF-4897-B675-136410A98C54}.CD_ROM|Any CPU.Build.0 = CD_ROM
		{E0298C84-AFBF-4897-B675-136410A98C54}.CD_ROM|Mixed Platforms.ActiveCfg = CD_ROM
		{E0298C84-AFBF-4897-B675-136410A98C54}.CD_ROM|Mixed Platforms.Build.0 = CD_ROM
		{E0298C84-AFBF-4897-B675-136410A98C54}.CD_ROM|x86.ActiveCfg = CD_ROM
		{E0298C84-AFBF-4897-B675-136410A98C54}.CD_ROM|x86.Build.0 = CD_ROM
		{E0298C84-AFBF-4897-B675-136410A98C54}.Debug|Any CPU.ActiveCfg = DVD-5
		{E0298C84-AFBF-4897-B675-136410A98C54}.Debug|Any CPU.Build.0 = DVD-5
		{E0298C84-AFBF-4897-B675-136410A98C54}.Debug|Mixed Platforms.ActiveCfg = DVD-5
		{E0298C84-AFBF-4897-B675-136410A98C54}.Debug|Mixed Platforms.Build.0 = DVD-5
		{E0298C84-AFBF-4897-B675-136410A98C54}.Debug|x86.ActiveCfg = DVD-5
		{E0298C84-AFBF-4897-B675-136410A98C54}.Debug|x86.Build.0 = DVD-5
		{E0298C84-AFBF-4897-B675-136410A98C54}.DVD-5|Any CPU.ActiveCfg = DVD-5
		{E0298C84-AFBF-4897-B675-136410A98C54}.DVD-5|Any CPU.Build.0 = DVD-5
		{E0298C84-AFBF-4897-B675-136410A98C54}.DVD-5|Mixed Platforms.ActiveCfg = DVD-5
		{E0298C84-AFBF-4897-B675-136410A98C54}.DVD-5|Mixed Platforms.Build.0 = DVD-5
		{E0298C84-AFBF-4897-B675-136410A98C54}.DVD-5|x86.ActiveCfg = DVD-5
		{E0298C84-AFBF-4897-B675-136410A98C54}.DVD-5|x86.Build.0 = DVD-5
		{E0298C84-AFBF-4897-B675-136410A98C54}.Release|Any CPU.ActiveCfg = SingleImage
		{E0298C84-AFBF-4897-B675-136410A98C54}.Release|Any CPU.Build.0 = SingleImage
		{E0298C84-AFBF-4897-B675-136410A98C54}.Release|Mixed Platforms.ActiveCfg = SingleImage
		{E0298C84-AFBF-4897-B675-136410A98C54}.Release|Mixed Platforms.Build.0 = SingleImage
		{E0298C84-AFBF-4897-B675-136410A98C54}.Release|x86.ActiveCfg = SingleImage
		{E0298C84-AFBF-4897-B675-136410A98C54}.Release|x86.Build.0 = SingleImage
		{E0298C84-AFBF-4897-B675-136410A98C54}.SingleImage|Any CPU.ActiveCfg = SingleImage
		{E0298C84-AFBF-4897-B675-136410A98C54}.SingleImage|Any CPU.Build.0 = SingleImage
		{E0298C84-AFBF-4897-B675-136410A98C54}.SingleImage|Mixed Platforms.ActiveCfg = SingleImage
		{E0298C84-AFBF-4897-B675-136410A98C54}.SingleImage|Mixed Platforms.Build.0 = SingleImage
		{E0298C84-AFBF-4897-B675-136410A98C54}.SingleImage|x86.ActiveCfg = SingleImage
		{E0298C84-AFBF-4897-B675-136410A98C54}.SingleImage|x86.Build.0 = SingleImage
		{1A2F0D1F-E95B-48B3-9D73-4B1F0CA08F08}.CD_ROM|Any CPU.ActiveCfg = Release|Any CPU
		{1A2F0D1F-E95B-48B3-9D73-4B1F0CA08F08}.CD_ROM|Any CPU.Build.0 = Release|Any CPU
		{1A2F0D1F-E95B-48B3-9D73-4B1F0CA08F08}.CD_ROM|Mixed Platforms.ActiveCfg = Release|Any CPU
		{1A2F0D1F-E95B-48B3-9D73-4B1F0CA08F08}.CD_ROM|Mixed Platforms.Build.0 = Release|Any CPU
		{1A2F0D1F-E95B-48B3-9D73-4B1F0CA08F08}.CD_ROM|x86.ActiveCfg = Release|Any CPU
		{1A2F0D1F-E95B-48B3-9D73-4B1F0CA08F08}.Debug|Any CPU.ActiveCfg = Debug|Any CPU
		{1A2F0D1F-E95B-48B3-9D73-4B1F0CA08F08}.Debug|Any CPU.Build.0 = Debug|Any CPU
		{1A2F0D1F-E95B-48B3-9D73-4B1F0CA08F08}.Debug|Mixed Platforms.ActiveCfg = Debug|Any CPU
		{1A2F0D1F-E95B-48B3-9D73-4B1F0CA08F08}.Debug|Mixed Platforms.Build.0 = Debug|Any CPU
		{1A2F0D1F-E95B-48B3-9D73-4B1F0CA08F08}.Debug|x86.ActiveCfg = Debug|Any CPU
		{1A2F0D1F-E95B-48B3-9D73-4B1F0CA08F08}.DVD-5|Any CPU.ActiveCfg = Debug|Any CPU
		{1A2F0D1F-E95B-48B3-9D73-4B1F0CA08F08}.DVD-5|Any CPU.Build.0 = Debug|Any CPU
		{1A2F0D1F-E95B-48B3-9D73-4B1F0CA08F08}.DVD-5|Mixed Platforms.ActiveCfg = Debug|Any CPU
		{1A2F0D1F-E95B-48B3-9D73-4B1F0CA08F08}.DVD-5|Mixed Platforms.Build.0 = Debug|Any CPU
		{1A2F0D1F-E95B-48B3-9D73-4B1F0CA08F08}.DVD-5|x86.ActiveCfg = Debug|Any CPU
		{1A2F0D1F-E95B-48B3-9D73-4B1F0CA08F08}.Release|Any CPU.ActiveCfg = Release|Any CPU
		{1A2F0D1F-E95B-48B3-9D73-4B1F0CA08F08}.Release|Any CPU.Build.0 = Release|Any CPU
		{1A2F0D1F-E95B-48B3-9D73-4B1F0CA08F08}.Release|Mixed Platforms.ActiveCfg = Release|Any CPU
		{1A2F0D1F-E95B-48B3-9D73-4B1F0CA08F08}.Release|Mixed Platforms.Build.0 = Release|Any CPU
		{1A2F0D1F-E95B-48B3-9D73-4B1F0CA08F08}.Release|x86.ActiveCfg = Release|Any CPU
		{1A2F0D1F-E95B-48B3-9D73-4B1F0CA08F08}.SingleImage|Any CPU.ActiveCfg = Release|Any CPU
		{1A2F0D1F-E95B-48B3-9D73-4B1F0CA08F08}.SingleImage|Any CPU.Build.0 = Release|Any CPU
		{1A2F0D1F-E95B-48B3-9D73-4B1F0CA08F08}.SingleImage|Mixed Platforms.ActiveCfg = Release|Any CPU
		{1A2F0D1F-E95B-48B3-9D73-4B1F0CA08F08}.SingleImage|Mixed Platforms.Build.0 = Release|Any CPU
		{1A2F0D1F-E95B-48B3-9D73-4B1F0CA08F08}.SingleImage|x86.ActiveCfg = Release|Any CPU
		{D9713631-3FE6-4114-8997-2F7E8808284C}.CD_ROM|Any CPU.ActiveCfg = Release|Any CPU
		{D9713631-3FE6-4114-8997-2F7E8808284C}.CD_ROM|Any CPU.Build.0 = Release|Any CPU
		{D9713631-3FE6-4114-8997-2F7E8808284C}.CD_ROM|Mixed Platforms.ActiveCfg = Release|Any CPU
		{D9713631-3FE6-4114-8997-2F7E8808284C}.CD_ROM|Mixed Platforms.Build.0 = Release|Any CPU
		{D9713631-3FE6-4114-8997-2F7E8808284C}.CD_ROM|x86.ActiveCfg = Release|Any CPU
		{D9713631-3FE6-4114-8997-2F7E8808284C}.Debug|Any CPU.ActiveCfg = Debug|Any CPU
		{D9713631-3FE6-4114-8997-2F7E8808284C}.Debug|Any CPU.Build.0 = Debug|Any CPU
		{D9713631-3FE6-4114-8997-2F7E8808284C}.Debug|Mixed Platforms.ActiveCfg = Debug|Any CPU
		{D9713631-3FE6-4114-8997-2F7E8808284C}.Debug|Mixed Platforms.Build.0 = Debug|Any CPU
		{D9713631-3FE6-4114-8997-2F7E8808284C}.Debug|x86.ActiveCfg = Debug|Any CPU
		{D9713631-3FE6-4114-8997-2F7E8808284C}.DVD-5|Any CPU.ActiveCfg = Debug|Any CPU
		{D9713631-3FE6-4114-8997-2F7E8808284C}.DVD-5|Any CPU.Build.0 = Debug|Any CPU
		{D9713631-3FE6-4114-8997-2F7E8808284C}.DVD-5|Mixed Platforms.ActiveCfg = Debug|Any CPU
		{D9713631-3FE6-4114-8997-2F7E8808284C}.DVD-5|Mixed Platforms.Build.0 = Debug|Any CPU
		{D9713631-3FE6-4114-8997-2F7E8808284C}.DVD-5|x86.ActiveCfg = Debug|Any CPU
		{D9713631-3FE6-4114-8997-2F7E8808284C}.Release|Any CPU.ActiveCfg = Release|Any CPU
		{D9713631-3FE6-4114-8997-2F7E8808284C}.Release|Any CPU.Build.0 = Release|Any CPU
		{D9713631-3FE6-4114-8997-2F7E8808284C}.Release|Mixed Platforms.ActiveCfg = Release|Any CPU
		{D9713631-3FE6-4114-8997-2F7E8808284C}.Release|Mixed Platforms.Build.0 = Release|Any CPU
		{D9713631-3FE6-4114-8997-2F7E8808284C}.Release|x86.ActiveCfg = Release|Any CPU
		{D9713631-3FE6-4114-8997-2F7E8808284C}.SingleImage|Any CPU.ActiveCfg = Release|Any CPU
		{D9713631-3FE6-4114-8997-2F7E8808284C}.SingleImage|Any CPU.Build.0 = Release|Any CPU
		{D9713631-3FE6-4114-8997-2F7E8808284C}.SingleImage|Mixed Platforms.ActiveCfg = Release|Any CPU
		{D9713631-3FE6-4114-8997-2F7E8808284C}.SingleImage|Mixed Platforms.Build.0 = Release|Any CPU
		{D9713631-3FE6-4114-8997-2F7E8808284C}.SingleImage|x86.ActiveCfg = Release|Any CPU
		{5CC88D85-C08F-4C1A-9B5C-76194D0FD9FB}.CD_ROM|Any CPU.ActiveCfg = Release|Any CPU
		{5CC88D85-C08F-4C1A-9B5C-76194D0FD9FB}.CD_ROM|Any CPU.Build.0 = Release|Any CPU
		{5CC88D85-C08F-4C1A-9B5C-76194D0FD9FB}.CD_ROM|Mixed Platforms.ActiveCfg = Release|Any CPU
		{5CC88D85-C08F-4C1A-9B5C-76194D0FD9FB}.CD_ROM|Mixed Platforms.Build.0 = Release|Any CPU
		{5CC88D85-C08F-4C1A-9B5C-76194D0FD9FB}.CD_ROM|x86.ActiveCfg = Release|Any CPU
		{5CC88D85-C08F-4C1A-9B5C-76194D0FD9FB}.Debug|Any CPU.ActiveCfg = Debug|Any CPU
		{5CC88D85-C08F-4C1A-9B5C-76194D0FD9FB}.Debug|Any CPU.Build.0 = Debug|Any CPU
		{5CC88D85-C08F-4C1A-9B5C-76194D0FD9FB}.Debug|Mixed Platforms.ActiveCfg = Debug|Any CPU
		{5CC88D85-C08F-4C1A-9B5C-76194D0FD9FB}.Debug|Mixed Platforms.Build.0 = Debug|Any CPU
		{5CC88D85-C08F-4C1A-9B5C-76194D0FD9FB}.Debug|x86.ActiveCfg = Debug|Any CPU
		{5CC88D85-C08F-4C1A-9B5C-76194D0FD9FB}.DVD-5|Any CPU.ActiveCfg = Debug|Any CPU
		{5CC88D85-C08F-4C1A-9B5C-76194D0FD9FB}.DVD-5|Any CPU.Build.0 = Debug|Any CPU
		{5CC88D85-C08F-4C1A-9B5C-76194D0FD9FB}.DVD-5|Mixed Platforms.ActiveCfg = Debug|Any CPU
		{5CC88D85-C08F-4C1A-9B5C-76194D0FD9FB}.DVD-5|Mixed Platforms.Build.0 = Debug|Any CPU
		{5CC88D85-C08F-4C1A-9B5C-76194D0FD9FB}.DVD-5|x86.ActiveCfg = Debug|Any CPU
		{5CC88D85-C08F-4C1A-9B5C-76194D0FD9FB}.Release|Any CPU.ActiveCfg = Release|Any CPU
		{5CC88D85-C08F-4C1A-9B5C-76194D0FD9FB}.Release|Any CPU.Build.0 = Release|Any CPU
		{5CC88D85-C08F-4C1A-9B5C-76194D0FD9FB}.Release|Mixed Platforms.ActiveCfg = Release|Any CPU
		{5CC88D85-C08F-4C1A-9B5C-76194D0FD9FB}.Release|Mixed Platforms.Build.0 = Release|Any CPU
		{5CC88D85-C08F-4C1A-9B5C-76194D0FD9FB}.Release|x86.ActiveCfg = Release|Any CPU
		{5CC88D85-C08F-4C1A-9B5C-76194D0FD9FB}.SingleImage|Any CPU.ActiveCfg = Release|Any CPU
		{5CC88D85-C08F-4C1A-9B5C-76194D0FD9FB}.SingleImage|Any CPU.Build.0 = Release|Any CPU
		{5CC88D85-C08F-4C1A-9B5C-76194D0FD9FB}.SingleImage|Mixed Platforms.ActiveCfg = Release|Any CPU
		{5CC88D85-C08F-4C1A-9B5C-76194D0FD9FB}.SingleImage|Mixed Platforms.Build.0 = Release|Any CPU
		{5CC88D85-C08F-4C1A-9B5C-76194D0FD9FB}.SingleImage|x86.ActiveCfg = Release|Any CPU
	EndGlobalSection
	GlobalSection(SolutionProperties) = preSolution
		HideSolutionNode = FALSE
	EndGlobalSection
EndGlobal
