
Microsoft Visual Studio Solution File, Format Version 12.00
# Visual Studio 2013
VisualStudioVersion = 12.0.30501.0
MinimumVisualStudioVersion = 10.0.40219.1
Project("{F184B08F-C81C-45F6-A57F-5ABD9991F28F}") = "K12-Manager", "K12-Manager\K12-Manager.vbproj", "{A3F0FF63-DF43-4690-AB1F-ADAFED0DB218}"
EndProject
Global
	GlobalSection(SolutionConfigurationPlatforms) = preSolution
		Debug|x86 = Debug|x86
		Release|x86 = Release|x86
	EndGlobalSection
	GlobalSection(ProjectConfigurationPlatforms) = postSolution
		{A3F0FF63-DF43-4690-AB1F-ADAFED0DB218}.Debug|x86.ActiveCfg = Debug|x86
		{A3F0FF63-DF43-4690-AB1F-ADAFED0DB218}.Debug|x86.Build.0 = Debug|x86
		{A3F0FF63-DF43-4690-AB1F-ADAFED0DB218}.Release|x86.ActiveCfg = Release|x86
		{A3F0FF63-DF43-4690-AB1F-ADAFED0DB218}.Release|x86.Build.0 = Release|x86
	EndGlobalSection
	GlobalSection(SolutionProperties) = preSolution
		HideSolutionNode = FALSE
	EndGlobalSection
EndGlobal
